
Microsoft Visual Studio Solution File, Format Version 12.00
# Visual Studio Version 16
VisualStudioVersion = 16.0.31019.35
MinimumVisualStudioVersion = 10.0.40219.1
Project("{FAE04EC0-301F-11D3-BF4B-00C04F79EFBC}") = "LunchOrderManagement", "LunchOrderManagement\LunchOrderManagement.csproj", "{6564F2F9-7609-42F7-9AFA-58AE23BA281C}"
EndProject
Global
	GlobalSection(SolutionConfigurationPlatforms) = preSolution
		Debug|Any CPU = Debug|Any CPU
		Release|Any CPU = Release|Any CPU
	EndGlobalSection
	GlobalSection(ProjectConfigurationPlatforms) = postSolution
		{6564F2F9-7609-42F7-9AFA-58AE23BA281C}.Debug|Any CPU.ActiveCfg = Debug|Any CPU
		{6564F2F9-7609-42F7-9AFA-58AE23BA281C}.Debug|Any CPU.Build.0 = Debug|Any CPU
		{6564F2F9-7609-42F7-9AFA-58AE23BA281C}.Release|Any CPU.ActiveCfg = Release|Any CPU
		{6564F2F9-7609-42F7-9AFA-58AE23BA281C}.Release|Any CPU.Build.0 = Release|Any CPU
	EndGlobalSection
	GlobalSection(SolutionProperties) = preSolution
		HideSolutionNode = FALSE
	EndGlobalSection
	GlobalSection(ExtensibilityGlobals) = postSolution
		SolutionGuid = {EBFFCAE0-2AA7-478B-887C-4FFCDC0FC2A9}
	EndGlobalSection
EndGlobal
